
Microsoft Visual Studio Solution File, Format Version 12.00
# Visual Studio Version 16
VisualStudioVersion = 16.0.31729.503
MinimumVisualStudioVersion = 10.0.40219.1
Project("{FAE04EC0-301F-11D3-BF4B-00C04F79EFBC}") = "Bookmarks.Android", "Bookmarks\Bookmarks.Android\Bookmarks.Android.csproj", "{D1AD8F67-A109-46B9-99F6-E1C61FFBB1E4}"
EndProject
Project("{9A19103F-16F7-4668-BE54-9A1E7A4F7556}") = "Bookmarks", "Bookmarks\Bookmarks\Bookmarks.csproj", "{A686E2E5-DE28-4FDE-959F-1805E9D7C3DA}"
EndProject
Project("{FAE04EC0-301F-11D3-BF4B-00C04F79EFBC}") = "DataBaseCore", "DataBaseCore\DataBaseCore.csproj", "{DBEDD253-1E9F-4B06-ABC1-32117C26FC80}"
EndProject
Global
	GlobalSection(SolutionConfigurationPlatforms) = preSolution
		Debug|Any CPU = Debug|Any CPU
		Release|Any CPU = Release|Any CPU
	EndGlobalSection
	GlobalSection(ProjectConfigurationPlatforms) = postSolution
		{D1AD8F67-A109-46B9-99F6-E1C61FFBB1E4}.Debug|Any CPU.ActiveCfg = Debug|Any CPU
		{D1AD8F67-A109-46B9-99F6-E1C61FFBB1E4}.Debug|Any CPU.Build.0 = Debug|Any CPU
		{D1AD8F67-A109-46B9-99F6-E1C61FFBB1E4}.Debug|Any CPU.Deploy.0 = Debug|Any CPU
		{D1AD8F67-A109-46B9-99F6-E1C61FFBB1E4}.Release|Any CPU.ActiveCfg = Release|Any CPU
		{D1AD8F67-A109-46B9-99F6-E1C61FFBB1E4}.Release|Any CPU.Build.0 = Release|Any CPU
		{D1AD8F67-A109-46B9-99F6-E1C61FFBB1E4}.Release|Any CPU.Deploy.0 = Release|Any CPU
		{A686E2E5-DE28-4FDE-959F-1805E9D7C3DA}.Debug|Any CPU.ActiveCfg = Debug|Any CPU
		{A686E2E5-DE28-4FDE-959F-1805E9D7C3DA}.Debug|Any CPU.Build.0 = Debug|Any CPU
		{A686E2E5-DE28-4FDE-959F-1805E9D7C3DA}.Debug|Any CPU.Deploy.0 = Debug|Any CPU
		{A686E2E5-DE28-4FDE-959F-1805E9D7C3DA}.Release|Any CPU.ActiveCfg = Release|Any CPU
		{A686E2E5-DE28-4FDE-959F-1805E9D7C3DA}.Release|Any CPU.Build.0 = Release|Any CPU
		{A686E2E5-DE28-4FDE-959F-1805E9D7C3DA}.Release|Any CPU.Deploy.0 = Release|Any CPU
		{DBEDD253-1E9F-4B06-ABC1-32117C26FC80}.Debug|Any CPU.ActiveCfg = Debug|Any CPU
		{DBEDD253-1E9F-4B06-ABC1-32117C26FC80}.Debug|Any CPU.Build.0 = Debug|Any CPU
		{DBEDD253-1E9F-4B06-ABC1-32117C26FC80}.Release|Any CPU.ActiveCfg = Release|Any CPU
		{DBEDD253-1E9F-4B06-ABC1-32117C26FC80}.Release|Any CPU.Build.0 = Release|Any CPU
	EndGlobalSection
	GlobalSection(SolutionProperties) = preSolution
		HideSolutionNode = FALSE
	EndGlobalSection
	GlobalSection(ExtensibilityGlobals) = postSolution
		SolutionGuid = {225DB4E1-B834-4A04-8C20-D09932CF3CA3}
	EndGlobalSection
EndGlobal
